
Microsoft Visual Studio Solution File, Format Version 12.00
# Visual Studio 15
VisualStudioVersion = 15.0.28307.960
MinimumVisualStudioVersion = 10.0.40219.1
Project("{FAE04EC0-301F-11D3-BF4B-00C04F79EFBC}") = "Data", "Data\Data.csproj", "{D1D33A33-5E2B-4B90-AA63-12FCB22623E9}"
EndProject
Project("{FAE04EC0-301F-11D3-BF4B-00C04F79EFBC}") = "ViewModel", "ViewModel\ViewModel.csproj", "{C9D1D8DE-9B43-4000-BA50-2A7BC4B337B8}"
EndProject
Project("{FAE04EC0-301F-11D3-BF4B-00C04F79EFBC}") = "Models", "Model\Models.csproj", "{467ACB86-1573-454C-B487-D3514043E7DA}"
EndProject
Project("{FAE04EC0-301F-11D3-BF4B-00C04F79EFBC}") = "OnlineTrainingWeb", "OnlineTrainingWeb\OnlineTrainingWeb.csproj", "{0D181DB2-1D96-4D38-BDAA-A6842FECB7A2}"
EndProject
Project("{FAE04EC0-301F-11D3-BF4B-00C04F79EFBC}") = "OnlineTrainingWeb.Tests", "OnlineTrainingWeb.Tests\OnlineTrainingWeb.Tests.csproj", "{771C9123-A9AC-4EEB-8C7A-C17D215CC4DF}"
EndProject
Project("{FAE04EC0-301F-11D3-BF4B-00C04F79EFBC}") = "Services", "Services\Services.csproj", "{A1B2B64A-466E-4AE9-8EBC-6D41D14DD4A4}"
EndProject
Global
	GlobalSection(SolutionConfigurationPlatforms) = preSolution
		Debug|Any CPU = Debug|Any CPU
		Release|Any CPU = Release|Any CPU
	EndGlobalSection
	GlobalSection(ProjectConfigurationPlatforms) = postSolution
		{D1D33A33-5E2B-4B90-AA63-12FCB22623E9}.Debug|Any CPU.ActiveCfg = Debug|Any CPU
		{D1D33A33-5E2B-4B90-AA63-12FCB22623E9}.Debug|Any CPU.Build.0 = Debug|Any CPU
		{D1D33A33-5E2B-4B90-AA63-12FCB22623E9}.Release|Any CPU.ActiveCfg = Release|Any CPU
		{D1D33A33-5E2B-4B90-AA63-12FCB22623E9}.Release|Any CPU.Build.0 = Release|Any CPU
		{C9D1D8DE-9B43-4000-BA50-2A7BC4B337B8}.Debug|Any CPU.ActiveCfg = Debug|Any CPU
		{C9D1D8DE-9B43-4000-BA50-2A7BC4B337B8}.Debug|Any CPU.Build.0 = Debug|Any CPU
		{C9D1D8DE-9B43-4000-BA50-2A7BC4B337B8}.Release|Any CPU.ActiveCfg = Release|Any CPU
		{C9D1D8DE-9B43-4000-BA50-2A7BC4B337B8}.Release|Any CPU.Build.0 = Release|Any CPU
		{467ACB86-1573-454C-B487-D3514043E7DA}.Debug|Any CPU.ActiveCfg = Debug|Any CPU
		{467ACB86-1573-454C-B487-D3514043E7DA}.Debug|Any CPU.Build.0 = Debug|Any CPU
		{467ACB86-1573-454C-B487-D3514043E7DA}.Release|Any CPU.ActiveCfg = Release|Any CPU
		{467ACB86-1573-454C-B487-D3514043E7DA}.Release|Any CPU.Build.0 = Release|Any CPU
		{0D181DB2-1D96-4D38-BDAA-A6842FECB7A2}.Debug|Any CPU.ActiveCfg = Debug|Any CPU
		{0D181DB2-1D96-4D38-BDAA-A6842FECB7A2}.Debug|Any CPU.Build.0 = Debug|Any CPU
		{0D181DB2-1D96-4D38-BDAA-A6842FECB7A2}.Release|Any CPU.ActiveCfg = Release|Any CPU
		{0D181DB2-1D96-4D38-BDAA-A6842FECB7A2}.Release|Any CPU.Build.0 = Release|Any CPU
		{771C9123-A9AC-4EEB-8C7A-C17D215CC4DF}.Debug|Any CPU.ActiveCfg = Debug|Any CPU
		{771C9123-A9AC-4EEB-8C7A-C17D215CC4DF}.Debug|Any CPU.Build.0 = Debug|Any CPU
		{771C9123-A9AC-4EEB-8C7A-C17D215CC4DF}.Release|Any CPU.ActiveCfg = Release|Any CPU
		{771C9123-A9AC-4EEB-8C7A-C17D215CC4DF}.Release|Any CPU.Build.0 = Release|Any CPU
		{A1B2B64A-466E-4AE9-8EBC-6D41D14DD4A4}.Debug|Any CPU.ActiveCfg = Debug|Any CPU
		{A1B2B64A-466E-4AE9-8EBC-6D41D14DD4A4}.Debug|Any CPU.Build.0 = Debug|Any CPU
		{A1B2B64A-466E-4AE9-8EBC-6D41D14DD4A4}.Release|Any CPU.ActiveCfg = Release|Any CPU
		{A1B2B64A-466E-4AE9-8EBC-6D41D14DD4A4}.Release|Any CPU.Build.0 = Release|Any CPU
	EndGlobalSection
	GlobalSection(SolutionProperties) = preSolution
		HideSolutionNode = FALSE
	EndGlobalSection
	GlobalSection(ExtensibilityGlobals) = postSolution
		SolutionGuid = {3BBA0C76-403A-4856-9DC3-6B115CC4F55C}
	EndGlobalSection
EndGlobal
